// !$*UTF8*$!
{
	archiveVersion = 1;
	classes = {
	};
	objectVersion = 46;
	objects = {

/* Begin PBXBuildFile section */
		FC908D081B9F586500CF8BD7 /* AppDelegate.swift in Sources */ = {isa = PBXBuildFile; fileRef = FC908D071B9F586500CF8BD7 /* AppDelegate.swift */; };
		FC908D0A1B9F586500CF8BD7 /* ViewController.swift in Sources */ = {isa = PBXBuildFile; fileRef = FC908D091B9F586500CF8BD7 /* ViewController.swift */; };
		FC908D0D1B9F586500CF8BD7 /* Main.storyboard in Resources */ = {isa = PBXBuildFile; fileRef = FC908D0B1B9F586500CF8BD7 /* Main.storyboard */; };
		FC908D0F1B9F586500CF8BD7 /* Assets.xcassets in Resources */ = {isa = PBXBuildFile; fileRef = FC908D0E1B9F586500CF8BD7 /* Assets.xcassets */; };
		FC908D121B9F586500CF8BD7 /* LaunchScreen.storyboard in Resources */ = {isa = PBXBuildFile; fileRef = FC908D101B9F586500CF8BD7 /* LaunchScreen.storyboard */; };
		FC908D171B9F586500CF8BD7 /* fumo WatchKit App.app in Embed Watch Content */ = {isa = PBXBuildFile; fileRef = FC908D161B9F586500CF8BD7 /* fumo WatchKit App.app */; };
		FC908D1D1B9F586500CF8BD7 /* Interface.storyboard in Resources */ = {isa = PBXBuildFile; fileRef = FC908D1B1B9F586500CF8BD7 /* Interface.storyboard */; };
		FC908D1F1B9F586500CF8BD7 /* Assets.xcassets in Resources */ = {isa = PBXBuildFile; fileRef = FC908D1E1B9F586500CF8BD7 /* Assets.xcassets */; };
		FC908D261B9F586500CF8BD7 /* fumo WatchKit Extension.appex in Embed App Extensions */ = {isa = PBXBuildFile; fileRef = FC908D251B9F586500CF8BD7 /* fumo WatchKit Extension.appex */; settings = {ATTRIBUTES = (RemoveHeadersOnCopy, ); }; };
		FC908D2B1B9F586500CF8BD7 /* InterfaceController.swift in Sources */ = {isa = PBXBuildFile; fileRef = FC908D2A1B9F586500CF8BD7 /* InterfaceController.swift */; };
		FC908D2D1B9F586500CF8BD7 /* ExtensionDelegate.swift in Sources */ = {isa = PBXBuildFile; fileRef = FC908D2C1B9F586500CF8BD7 /* ExtensionDelegate.swift */; };
		FC908D2F1B9F586500CF8BD7 /* ComplicationController.swift in Sources */ = {isa = PBXBuildFile; fileRef = FC908D2E1B9F586500CF8BD7 /* ComplicationController.swift */; };
		FC908D311B9F586500CF8BD7 /* Assets.xcassets in Resources */ = {isa = PBXBuildFile; fileRef = FC908D301B9F586500CF8BD7 /* Assets.xcassets */; };
		FCFCE2611B9F64510014615A /* Reachability.swift in Sources */ = {isa = PBXBuildFile; fileRef = FCFCE2601B9F64510014615A /* Reachability.swift */; };
/* End PBXBuildFile section */

/* Begin PBXContainerItemProxy section */
		FC908D181B9F586500CF8BD7 /* PBXContainerItemProxy */ = {
			isa = PBXContainerItemProxy;
			containerPortal = FC908CFC1B9F586500CF8BD7 /* Project object */;
			proxyType = 1;
			remoteGlobalIDString = FC908D151B9F586500CF8BD7;
			remoteInfo = "fumo WatchKit App";
		};
		FC908D271B9F586500CF8BD7 /* PBXContainerItemProxy */ = {
			isa = PBXContainerItemProxy;
			containerPortal = FC908CFC1B9F586500CF8BD7 /* Project object */;
			proxyType = 1;
			remoteGlobalIDString = FC908D241B9F586500CF8BD7;
			remoteInfo = "fumo WatchKit Extension";
		};
/* End PBXContainerItemProxy section */

/* Begin PBXCopyFilesBuildPhase section */
		FC908D381B9F586500CF8BD7 /* Embed App Extensions */ = {
			isa = PBXCopyFilesBuildPhase;
			buildActionMask = 2147483647;
			dstPath = "";
			dstSubfolderSpec = 13;
			files = (
				FC908D261B9F586500CF8BD7 /* fumo WatchKit Extension.appex in Embed App Extensions */,
			);
			name = "Embed App Extensions";
			runOnlyForDeploymentPostprocessing = 0;
		};
		FC908D3C1B9F586500CF8BD7 /* Embed Watch Content */ = {
			isa = PBXCopyFilesBuildPhase;
			buildActionMask = 2147483647;
			dstPath = "$(CONTENTS_FOLDER_PATH)/Watch";
			dstSubfolderSpec = 16;
			files = (
				FC908D171B9F586500CF8BD7 /* fumo WatchKit App.app in Embed Watch Content */,
			);
			name = "Embed Watch Content";
			runOnlyForDeploymentPostprocessing = 0;
		};
/* End PBXCopyFilesBuildPhase section */

/* Begin PBXFileReference section */
		FC908D041B9F586500CF8BD7 /* fumo.app */ = {isa = PBXFileReference; explicitFileType = wrapper.application; includeInIndex = 0; path = fumo.app; sourceTree = BUILT_PRODUCTS_DIR; };
		FC908D071B9F586500CF8BD7 /* AppDelegate.swift */ = {isa = PBXFileReference; lastKnownFileType = sourcecode.swift; path = AppDelegate.swift; sourceTree = "<group>"; };
		FC908D091B9F586500CF8BD7 /* ViewController.swift */ = {isa = PBXFileReference; lastKnownFileType = sourcecode.swift; path = ViewController.swift; sourceTree = "<group>"; };
		FC908D0C1B9F586500CF8BD7 /* Base */ = {isa = PBXFileReference; lastKnownFileType = file.storyboard; name = Base; path = Base.lproj/Main.storyboard; sourceTree = "<group>"; };
		FC908D0E1B9F586500CF8BD7 /* Assets.xcassets */ = {isa = PBXFileReference; lastKnownFileType = folder.assetcatalog; path = Assets.xcassets; sourceTree = "<group>"; };
		FC908D111B9F586500CF8BD7 /* Base */ = {isa = PBXFileReference; lastKnownFileType = file.storyboard; name = Base; path = Base.lproj/LaunchScreen.storyboard; sourceTree = "<group>"; };
		FC908D131B9F586500CF8BD7 /* Info.plist */ = {isa = PBXFileReference; lastKnownFileType = text.plist.xml; path = Info.plist; sourceTree = "<group>"; };
		FC908D161B9F586500CF8BD7 /* fumo WatchKit App.app */ = {isa = PBXFileReference; explicitFileType = wrapper.application; includeInIndex = 0; path = "fumo WatchKit App.app"; sourceTree = BUILT_PRODUCTS_DIR; };
		FC908D1C1B9F586500CF8BD7 /* Base */ = {isa = PBXFileReference; lastKnownFileType = file.storyboard; name = Base; path = Base.lproj/Interface.storyboard; sourceTree = "<group>"; };
		FC908D1E1B9F586500CF8BD7 /* Assets.xcassets */ = {isa = PBXFileReference; lastKnownFileType = folder.assetcatalog; path = Assets.xcassets; sourceTree = "<group>"; };
		FC908D201B9F586500CF8BD7 /* Info.plist */ = {isa = PBXFileReference; lastKnownFileType = text.plist.xml; path = Info.plist; sourceTree = "<group>"; };
		FC908D251B9F586500CF8BD7 /* fumo WatchKit Extension.appex */ = {isa = PBXFileReference; explicitFileType = "wrapper.app-extension"; includeInIndex = 0; path = "fumo WatchKit Extension.appex"; sourceTree = BUILT_PRODUCTS_DIR; };
		FC908D2A1B9F586500CF8BD7 /* InterfaceController.swift */ = {isa = PBXFileReference; lastKnownFileType = sourcecode.swift; path = InterfaceController.swift; sourceTree = "<group>"; };
		FC908D2C1B9F586500CF8BD7 /* ExtensionDelegate.swift */ = {isa = PBXFileReference; lastKnownFileType = sourcecode.swift; path = ExtensionDelegate.swift; sourceTree = "<group>"; };
		FC908D2E1B9F586500CF8BD7 /* ComplicationController.swift */ = {isa = PBXFileReference; lastKnownFileType = sourcecode.swift; path = ComplicationController.swift; sourceTree = "<group>"; };
		FC908D301B9F586500CF8BD7 /* Assets.xcassets */ = {isa = PBXFileReference; lastKnownFileType = folder.assetcatalog; path = Assets.xcassets; sourceTree = "<group>"; };
		FC908D321B9F586500CF8BD7 /* Info.plist */ = {isa = PBXFileReference; lastKnownFileType = text.plist.xml; path = Info.plist; sourceTree = "<group>"; };
		FCFCE2601B9F64510014615A /* Reachability.swift */ = {isa = PBXFileReference; fileEncoding = 4; lastKnownFileType = sourcecode.swift; path = Reachability.swift; sourceTree = "<group>"; };
/* End PBXFileReference section */

/* Begin PBXFrameworksBuildPhase section */
		FC908D011B9F586500CF8BD7 /* Frameworks */ = {
			isa = PBXFrameworksBuildPhase;
			buildActionMask = 2147483647;
			files = (
			);
			runOnlyForDeploymentPostprocessing = 0;
		};
		FC908D221B9F586500CF8BD7 /* Frameworks */ = {
			isa = PBXFrameworksBuildPhase;
			buildActionMask = 2147483647;
			files = (
			);
			runOnlyForDeploymentPostprocessing = 0;
		};
/* End PBXFrameworksBuildPhase section */

/* Begin PBXGroup section */
		FC908CFB1B9F586500CF8BD7 = {
			isa = PBXGroup;
			children = (
				FC908D061B9F586500CF8BD7 /* fumo */,
				FC908D1A1B9F586500CF8BD7 /* fumo WatchKit App */,
				FC908D291B9F586500CF8BD7 /* fumo WatchKit Extension */,
				FC908D051B9F586500CF8BD7 /* Products */,
			);
			sourceTree = "<group>";
		};
		FC908D051B9F586500CF8BD7 /* Products */ = {
			isa = PBXGroup;
			children = (
				FC908D041B9F586500CF8BD7 /* fumo.app */,
				FC908D161B9F586500CF8BD7 /* fumo WatchKit App.app */,
				FC908D251B9F586500CF8BD7 /* fumo WatchKit Extension.appex */,
			);
			name = Products;
			sourceTree = "<group>";
		};
		FC908D061B9F586500CF8BD7 /* fumo */ = {
			isa = PBXGroup;
			children = (
				FCFCE2601B9F64510014615A /* Reachability.swift */,
				FC908D071B9F586500CF8BD7 /* AppDelegate.swift */,
				FC908D091B9F586500CF8BD7 /* ViewController.swift */,
				FC908D0B1B9F586500CF8BD7 /* Main.storyboard */,
				FC908D0E1B9F586500CF8BD7 /* Assets.xcassets */,
				FC908D101B9F586500CF8BD7 /* LaunchScreen.storyboard */,
				FC908D131B9F586500CF8BD7 /* Info.plist */,
			);
			path = fumo;
			sourceTree = "<group>";
		};
		FC908D1A1B9F586500CF8BD7 /* fumo WatchKit App */ = {
			isa = PBXGroup;
			children = (
				FC908D1B1B9F586500CF8BD7 /* Interface.storyboard */,
				FC908D1E1B9F586500CF8BD7 /* Assets.xcassets */,
				FC908D201B9F586500CF8BD7 /* Info.plist */,
			);
			path = "fumo WatchKit App";
			sourceTree = "<group>";
		};
		FC908D291B9F586500CF8BD7 /* fumo WatchKit Extension */ = {
			isa = PBXGroup;
			children = (
				FC908D2A1B9F586500CF8BD7 /* InterfaceController.swift */,
				FC908D2C1B9F586500CF8BD7 /* ExtensionDelegate.swift */,
				FC908D2E1B9F586500CF8BD7 /* ComplicationController.swift */,
				FC908D301B9F586500CF8BD7 /* Assets.xcassets */,
				FC908D321B9F586500CF8BD7 /* Info.plist */,
			);
			path = "fumo WatchKit Extension";
			sourceTree = "<group>";
		};
/* End PBXGroup section */

/* Begin PBXNativeTarget section */
		FC908D031B9F586500CF8BD7 /* fumo */ = {
			isa = PBXNativeTarget;
			buildConfigurationList = FC908D3D1B9F586500CF8BD7 /* Build configuration list for PBXNativeTarget "fumo" */;
			buildPhases = (
				FC908D001B9F586500CF8BD7 /* Sources */,
				FC908D011B9F586500CF8BD7 /* Frameworks */,
				FC908D021B9F586500CF8BD7 /* Resources */,
				FC908D3C1B9F586500CF8BD7 /* Embed Watch Content */,
			);
			buildRules = (
			);
			dependencies = (
				FC908D191B9F586500CF8BD7 /* PBXTargetDependency */,
			);
			name = fumo;
			productName = fumo;
			productReference = FC908D041B9F586500CF8BD7 /* fumo.app */;
			productType = "com.apple.product-type.application";
		};
		FC908D151B9F586500CF8BD7 /* fumo WatchKit App */ = {
			isa = PBXNativeTarget;
			buildConfigurationList = FC908D391B9F586500CF8BD7 /* Build configuration list for PBXNativeTarget "fumo WatchKit App" */;
			buildPhases = (
				FC908D141B9F586500CF8BD7 /* Resources */,
				FC908D381B9F586500CF8BD7 /* Embed App Extensions */,
			);
			buildRules = (
			);
			dependencies = (
				FC908D281B9F586500CF8BD7 /* PBXTargetDependency */,
			);
			name = "fumo WatchKit App";
			productName = "fumo WatchKit App";
			productReference = FC908D161B9F586500CF8BD7 /* fumo WatchKit App.app */;
			productType = "com.apple.product-type.application.watchapp2";
		};
		FC908D241B9F586500CF8BD7 /* fumo WatchKit Extension */ = {
			isa = PBXNativeTarget;
			buildConfigurationList = FC908D351B9F586500CF8BD7 /* Build configuration list for PBXNativeTarget "fumo WatchKit Extension" */;
			buildPhases = (
				FC908D211B9F586500CF8BD7 /* Sources */,
				FC908D221B9F586500CF8BD7 /* Frameworks */,
				FC908D231B9F586500CF8BD7 /* Resources */,
			);
			buildRules = (
			);
			dependencies = (
			);
			name = "fumo WatchKit Extension";
			productName = "fumo WatchKit Extension";
			productReference = FC908D251B9F586500CF8BD7 /* fumo WatchKit Extension.appex */;
			productType = "com.apple.product-type.watchkit2-extension";
		};
/* End PBXNativeTarget section */

/* Begin PBXProject section */
		FC908CFC1B9F586500CF8BD7 /* Project object */ = {
			isa = PBXProject;
			attributes = {
				LastUpgradeCheck = 0700;
				ORGANIZATIONNAME = fumo;
				TargetAttributes = {
					FC908D031B9F586500CF8BD7 = {
						CreatedOnToolsVersion = 7.0;
					};
					FC908D151B9F586500CF8BD7 = {
						CreatedOnToolsVersion = 7.0;
					};
					FC908D241B9F586500CF8BD7 = {
						CreatedOnToolsVersion = 7.0;
					};
				};
			};
			buildConfigurationList = FC908CFF1B9F586500CF8BD7 /* Build configuration list for PBXProject "fumo" */;
			compatibilityVersion = "Xcode 3.2";
			developmentRegion = English;
			hasScannedForEncodings = 0;
			knownRegions = (
				en,
				Base,
			);
			mainGroup = FC908CFB1B9F586500CF8BD7;
			productRefGroup = FC908D051B9F586500CF8BD7 /* Products */;
			projectDirPath = "";
			projectRoot = "";
			targets = (
				FC908D031B9F586500CF8BD7 /* fumo */,
				FC908D151B9F586500CF8BD7 /* fumo WatchKit App */,
				FC908D241B9F586500CF8BD7 /* fumo WatchKit Extension */,
			);
		};
/* End PBXProject section */

/* Begin PBXResourcesBuildPhase section */
		FC908D021B9F586500CF8BD7 /* Resources */ = {
			isa = PBXResourcesBuildPhase;
			buildActionMask = 2147483647;
			files = (
				FC908D121B9F586500CF8BD7 /* LaunchScreen.storyboard in Resources */,
				FC908D0F1B9F586500CF8BD7 /* Assets.xcassets in Resources */,
				FC908D0D1B9F586500CF8BD7 /* Main.storyboard in Resources */,
			);
			runOnlyForDeploymentPostprocessing = 0;
		};
		FC908D141B9F586500CF8BD7 /* Resources */ = {
			isa = PBXResourcesBuildPhase;
			buildActionMask = 2147483647;
			files = (
				FC908D1F1B9F586500CF8BD7 /* Assets.xcassets in Resources */,
				FC908D1D1B9F586500CF8BD7 /* Interface.storyboard in Resources */,
			);
			runOnlyForDeploymentPostprocessing = 0;
		};
		FC908D231B9F586500CF8BD7 /* Resources */ = {
			isa = PBXResourcesBuildPhase;
			buildActionMask = 2147483647;
			files = (
				FC908D311B9F586500CF8BD7 /* Assets.xcassets in Resources */,
			);
			runOnlyForDeploymentPostprocessing = 0;
		};
/* End PBXResourcesBuildPhase section */

/* Begin PBXSourcesBuildPhase section */
		FC908D001B9F586500CF8BD7 /* Sources */ = {
			isa = PBXSourcesBuildPhase;
			buildActionMask = 2147483647;
			files = (
				FC908D0A1B9F586500CF8BD7 /* ViewController.swift in Sources */,
				FC908D081B9F586500CF8BD7 /* AppDelegate.swift in Sources */,
				FCFCE2611B9F64510014615A /* Reachability.swift in Sources */,
			);
			runOnlyForDeploymentPostprocessing = 0;
		};
		FC908D211B9F586500CF8BD7 /* Sources */ = {
			isa = PBXSourcesBuildPhase;
			buildActionMask = 2147483647;
			files = (
				FC908D2D1B9F586500CF8BD7 /* ExtensionDelegate.swift in Sources */,
				FC908D2B1B9F586500CF8BD7 /* InterfaceController.swift in Sources */,
				FC908D2F1B9F586500CF8BD7 /* ComplicationController.swift in Sources */,
			);
			runOnlyForDeploymentPostprocessing = 0;
		};
/* End PBXSourcesBuildPhase section */

/* Begin PBXTargetDependency section */
		FC908D191B9F586500CF8BD7 /* PBXTargetDependency */ = {
			isa = PBXTargetDependency;
			target = FC908D151B9F586500CF8BD7 /* fumo WatchKit App */;
			targetProxy = FC908D181B9F586500CF8BD7 /* PBXContainerItemProxy */;
		};
		FC908D281B9F586500CF8BD7 /* PBXTargetDependency */ = {
			isa = PBXTargetDependency;
			target = FC908D241B9F586500CF8BD7 /* fumo WatchKit Extension */;
			targetProxy = FC908D271B9F586500CF8BD7 /* PBXContainerItemProxy */;
		};
/* End PBXTargetDependency section */

/* Begin PBXVariantGroup section */
		FC908D0B1B9F586500CF8BD7 /* Main.storyboard */ = {
			isa = PBXVariantGroup;
			children = (
				FC908D0C1B9F586500CF8BD7 /* Base */,
			);
			name = Main.storyboard;
			sourceTree = "<group>";
		};
		FC908D101B9F586500CF8BD7 /* LaunchScreen.storyboard */ = {
			isa = PBXVariantGroup;
			children = (
				FC908D111B9F586500CF8BD7 /* Base */,
			);
			name = LaunchScreen.storyboard;
			sourceTree = "<group>";
		};
		FC908D1B1B9F586500CF8BD7 /* Interface.storyboard */ = {
			isa = PBXVariantGroup;
			children = (
				FC908D1C1B9F586500CF8BD7 /* Base */,
			);
			name = Interface.storyboard;
			sourceTree = "<group>";
		};
/* End PBXVariantGroup section */

/* Begin XCBuildConfiguration section */
		FC908D331B9F586500CF8BD7 /* Debug */ = {
			isa = XCBuildConfiguration;
			buildSettings = {
				ALWAYS_SEARCH_USER_PATHS = NO;
				CLANG_CXX_LANGUAGE_STANDARD = "gnu++0x";
				CLANG_CXX_LIBRARY = "libc++";
				CLANG_ENABLE_MODULES = YES;
				CLANG_ENABLE_OBJC_ARC = YES;
				CLANG_WARN_BOOL_CONVERSION = YES;
				CLANG_WARN_CONSTANT_CONVERSION = YES;
				CLANG_WARN_DIRECT_OBJC_ISA_USAGE = YES_ERROR;
				CLANG_WARN_EMPTY_BODY = YES;
				CLANG_WARN_ENUM_CONVERSION = YES;
				CLANG_WARN_INT_CONVERSION = YES;
				CLANG_WARN_OBJC_ROOT_CLASS = YES_ERROR;
				CLANG_WARN_UNREACHABLE_CODE = YES;
				CLANG_WARN__DUPLICATE_METHOD_MATCH = YES;
				"CODE_SIGN_IDENTITY[sdk=iphoneos*]" = "iPhone Developer";
				COPY_PHASE_STRIP = NO;
				DEBUG_INFORMATION_FORMAT = dwarf;
				ENABLE_STRICT_OBJC_MSGSEND = YES;
				ENABLE_TESTABILITY = YES;
				GCC_C_LANGUAGE_STANDARD = gnu99;
				GCC_DYNAMIC_NO_PIC = NO;
				GCC_NO_COMMON_BLOCKS = YES;
				GCC_OPTIMIZATION_LEVEL = 0;
				GCC_PREPROCESSOR_DEFINITIONS = (
					"DEBUG=1",
					"$(inherited)",
				);
				GCC_WARN_64_TO_32_BIT_CONVERSION = YES;
				GCC_WARN_ABOUT_RETURN_TYPE = YES_ERROR;
				GCC_WARN_UNDECLARED_SELECTOR = YES;
				GCC_WARN_UNINITIALIZED_AUTOS = YES_AGGRESSIVE;
				GCC_WARN_UNUSED_FUNCTION = YES;
				GCC_WARN_UNUSED_VARIABLE = YES;
				IPHONEOS_DEPLOYMENT_TARGET = 9.0;
				MTL_ENABLE_DEBUG_INFO = YES;
				ONLY_ACTIVE_ARCH = YES;
				SDKROOT = iphoneos;
				SWIFT_OPTIMIZATION_LEVEL = "-Onone";
			};
			name = Debug;
		};
		FC908D341B9F586500CF8BD7 /* Release */ = {
			isa = XCBuildConfiguration;
			buildSettings = {
				ALWAYS_SEARCH_USER_PATHS = NO;
				CLANG_CXX_LANGUAGE_STANDARD = "gnu++0x";
				CLANG_CXX_LIBRARY = "libc++";
				CLANG_ENABLE_MODULES = YES;
				CLANG_ENABLE_OBJC_ARC = YES;
				CLANG_WARN_BOOL_CONVERSION = YES;
				CLANG_WARN_CONSTANT_CONVERSION = YES;
				CLANG_WARN_DIRECT_OBJC_ISA_USAGE = YES_ERROR;
				CLANG_WARN_EMPTY_BODY = YES;
				CLANG_WARN_ENUM_CONVERSION = YES;
				CLANG_WARN_INT_CONVERSION = YES;
				CLANG_WARN_OBJC_ROOT_CLASS = YES_ERROR;
				CLANG_WARN_UNREACHABLE_CODE = YES;
				CLANG_WARN__DUPLICATE_METHOD_MATCH = YES;
				"CODE_SIGN_IDENTITY[sdk=iphoneos*]" = "iPhone Developer";
				COPY_PHASE_STRIP = NO;
				DEBUG_INFORMATION_FORMAT = "dwarf-with-dsym";
				ENABLE_NS_ASSERTIONS = NO;
				ENABLE_STRICT_OBJC_MSGSEND = YES;
				GCC_C_LANGUAGE_STANDARD = gnu99;
				GCC_NO_COMMON_BLOCKS = YES;
				GCC_WARN_64_TO_32_BIT_CONVERSION = YES;
				GCC_WARN_ABOUT_RETURN_TYPE = YES_ERROR;
				GCC_WARN_UNDECLARED_SELECTOR = YES;
				GCC_WARN_UNINITIALIZED_AUTOS = YES_AGGRESSIVE;
				GCC_WARN_UNUSED_FUNCTION = YES;
				GCC_WARN_UNUSED_VARIABLE = YES;
				IPHONEOS_DEPLOYMENT_TARGET = 9.0;
				MTL_ENABLE_DEBUG_INFO = NO;
				SDKROOT = iphoneos;
				VALIDATE_PRODUCT = YES;
			};
			name = Release;
		};
		FC908D361B9F586500CF8BD7 /* Debug */ = {
			isa = XCBuildConfiguration;
			buildSettings = {
				ASSETCATALOG_COMPILER_COMPLICATION_NAME = Complication;
				INFOPLIST_FILE = "fumo WatchKit Extension/Info.plist";
				LD_RUNPATH_SEARCH_PATHS = "$(inherited) @executable_path/Frameworks @executable_path/../../Frameworks";
				PRODUCT_BUNDLE_IDENTIFIER = fumo.fumo.watchkitapp.watchkitextension;
				PRODUCT_NAME = "${TARGET_NAME}";
				SDKROOT = watchos;
				SKIP_INSTALL = YES;
				TARGETED_DEVICE_FAMILY = 4;
				WATCHOS_DEPLOYMENT_TARGET = 2.0;
			};
			name = Debug;
		};
		FC908D371B9F586500CF8BD7 /* Release */ = {
			isa = XCBuildConfiguration;
			buildSettings = {
				ASSETCATALOG_COMPILER_COMPLICATION_NAME = Complication;
				INFOPLIST_FILE = "fumo WatchKit Extension/Info.plist";
				LD_RUNPATH_SEARCH_PATHS = "$(inherited) @executable_path/Frameworks @executable_path/../../Frameworks";
				PRODUCT_BUNDLE_IDENTIFIER = fumo.fumo.watchkitapp.watchkitextension;
				PRODUCT_NAME = "${TARGET_NAME}";
				SDKROOT = watchos;
				SKIP_INSTALL = YES;
				TARGETED_DEVICE_FAMILY = 4;
				WATCHOS_DEPLOYMENT_TARGET = 2.0;
			};
			name = Release;
		};
		FC908D3A1B9F586500CF8BD7 /* Debug */ = {
			isa = XCBuildConfiguration;
			buildSettings = {
				ASSETCATALOG_COMPILER_APPICON_NAME = AppIcon;
				EMBEDDED_CONTENT_CONTAINS_SWIFT = YES;
				IBSC_MODULE = fumo_WatchKit_Extension;
				INFOPLIST_FILE = "fumo WatchKit App/Info.plist";
				PRODUCT_BUNDLE_IDENTIFIER = fumo.fumo.watchkitapp;
				PRODUCT_NAME = "$(TARGET_NAME)";
				SDKROOT = watchos;
				SKIP_INSTALL = YES;
				TARGETED_DEVICE_FAMILY = 4;
				WATCHOS_DEPLOYMENT_TARGET = 2.0;
			};
			name = Debug;
		};
		FC908D3B1B9F586500CF8BD7 /* Release */ = {
			isa = XCBuildConfiguration;
			buildSettings = {
				ASSETCATALOG_COMPILER_APPICON_NAME = AppIcon;
				EMBEDDED_CONTENT_CONTAINS_SWIFT = YES;
				IBSC_MODULE = fumo_WatchKit_Extension;
				INFOPLIST_FILE = "fumo WatchKit App/Info.plist";
				PRODUCT_BUNDLE_IDENTIFIER = fumo.fumo.watchkitapp;
				PRODUCT_NAME = "$(TARGET_NAME)";
				SDKROOT = watchos;
				SKIP_INSTALL = YES;
				TARGETED_DEVICE_FAMILY = 4;
				WATCHOS_DEPLOYMENT_TARGET = 2.0;
			};
			name = Release;
		};
		FC908D3E1B9F586500CF8BD7 /* Debug */ = {
			isa = XCBuildConfiguration;
			buildSettings = {
				ASSETCATALOG_COMPILER_APPICON_NAME = AppIcon;
				INFOPLIST_FILE = fumo/Info.plist;
				LD_RUNPATH_SEARCH_PATHS = "$(inherited) @executable_path/Frameworks";
				PRODUCT_BUNDLE_IDENTIFIER = fumo.fumo;
				PRODUCT_NAME = "$(TARGET_NAME)";
			};
			name = Debug;
		};
		FC908D3F1B9F586500CF8BD7 /* Release */ = {
			isa = XCBuildConfiguration;
			buildSettings = {
				ASSETCATALOG_COMPILER_APPICON_NAME = AppIcon;
				INFOPLIST_FILE = fumo/Info.plist;
				LD_RUNPATH_SEARCH_PATHS = "$(inherited) @executable_path/Frameworks";
				PRODUCT_BUNDLE_IDENTIFIER = fumo.fumo;
				PRODUCT_NAME = "$(TARGET_NAME)";
			};
			name = Release;
		};
/* End XCBuildConfiguration section */

/* Begin XCConfigurationList section */
		FC908CFF1B9F586500CF8BD7 /* Build configuration list for PBXProject "fumo" */ = {
			isa = XCConfigurationList;
			buildConfigurations = (
				FC908D331B9F586500CF8BD7 /* Debug */,
				FC908D341B9F586500CF8BD7 /* Release */,
			);
			defaultConfigurationIsVisible = 0;
			defaultConfigurationName = Release;
		};
		FC908D351B9F586500CF8BD7 /* Build configuration list for PBXNativeTarget "fumo WatchKit Extension" */ = {
			isa = XCConfigurationList;
			buildConfigurations = (
				FC908D361B9F586500CF8BD7 /* Debug */,
				FC908D371B9F586500CF8BD7 /* Release */,
			);
			defaultConfigurationIsVisible = 0;
			defaultConfigurationName = Release;
		};
		FC908D391B9F586500CF8BD7 /* Build configuration list for PBXNativeTarget "fumo WatchKit App" */ = {
			isa = XCConfigurationList;
			buildConfigurations = (
				FC908D3A1B9F586500CF8BD7 /* Debug */,
				FC908D3B1B9F586500CF8BD7 /* Release */,
			);
			defaultConfigurationIsVisible = 0;
			defaultConfigurationName = Release;
		};
		FC908D3D1B9F586500CF8BD7 /* Build configuration list for PBXNativeTarget "fumo" */ = {
			isa = XCConfigurationList;
			buildConfigurations = (
				FC908D3E1B9F586500CF8BD7 /* Debug */,
				FC908D3F1B9F586500CF8BD7 /* Release */,
			);
			defaultConfigurationIsVisible = 0;
			defaultConfigurationName = Release;
		};
/* End XCConfigurationList section */
	};
	rootObject = FC908CFC1B9F586500CF8BD7 /* Project object */;
}
